Microsoft Visual Studio Solution File, Format Version 12.00
# Visual Studio Version 17
VisualStudioVersion = 17.11.35103.136
MinimumVisualStudioVersion = 10.0.40219.1
Project("{9A19103F-16F7-4668-BE54-9A1E7A4F7556}") = "HSBGHelper.Server", "HSBGHelper\HSBGHelper.Server\HSBGHelper.Server.csproj", "{A77FC030-BAF4-42EB-9C0B-D7C67E51F866}"
EndProject
Project("{9A19103F-16F7-4668-BE54-9A1E7A4F7556}") = "HSBGHelper.Client", "HSBGHelper\HSBGHelper.Client\HSBGHelper.Client.csproj", "{826243D8-7A8F-4396-8B49-44092B2EF309}"
EndProject
Project("{FAE04EC0-301F-11D3-BF4B-00C04F79EFBC}") = "HSBGHelper.Utilities", "HSBGHelper\HSBGHelper.Utilities\HSBGHelper.Utilities.csproj", "{E7808741-8E6B-43F2-932A-7444240A6A71}"
EndProject
Global
	GlobalSection(SolutionConfigurationPlatforms) = preSolution
		Debug|Any CPU = Debug|Any CPU
		Release|Any CPU = Release|Any CPU
	EndGlobalSection
	GlobalSection(ProjectConfigurationPlatforms) = postSolution
		{A77FC030-BAF4-42EB-9C0B-D7C67E51F866}.Debug|Any CPU.ActiveCfg = Debug|Any CPU
		{A77FC030-BAF4-42EB-9C0B-D7C67E51F866}.Debug|Any CPU.Build.0 = Debug|Any CPU
		{A77FC030-BAF4-42EB-9C0B-D7C67E51F866}.Release|Any CPU.ActiveCfg = Release|Any CPU
		{A77FC030-BAF4-42EB-9C0B-D7C67E51F866}.Release|Any CPU.Build.0 = Release|Any CPU
		{826243D8-7A8F-4396-8B49-44092B2EF309}.Debug|Any CPU.ActiveCfg = Debug|Any CPU
		{826243D8-7A8F-4396-8B49-44092B2EF309}.Debug|Any CPU.Build.0 = Debug|Any CPU
		{826243D8-7A8F-4396-8B49-44092B2EF309}.Release|Any CPU.ActiveCfg = Release|Any CPU
		{826243D8-7A8F-4396-8B49-44092B2EF309}.Release|Any CPU.Build.0 = Release|Any CPU
		{E7808741-8E6B-43F2-932A-7444240A6A71}.Debug|Any CPU.ActiveCfg = Debug|Any CPU
		{E7808741-8E6B-43F2-932A-7444240A6A71}.Debug|Any CPU.Build.0 = Debug|Any CPU
		{E7808741-8E6B-43F2-932A-7444240A6A71}.Release|Any CPU.ActiveCfg = Release|Any CPU
		{E7808741-8E6B-43F2-932A-7444240A6A71}.Release|Any CPU.Build.0 = Release|Any CPU
	EndGlobalSection
	GlobalSection(SolutionProperties) = preSolution
		HideSolutionNode = FALSE
	EndGlobalSection
EndGlobal